
Microsoft Visual Studio Solution File, Format Version 12.00
# Visual Studio Version 16
VisualStudioVersion = 16.0.31424.327
MinimumVisualStudioVersion = 10.0.40219.1
Project("{FAE04EC0-301F-11D3-BF4B-00C04F79EFBC}") = "CoinDesk.Android", "CoinDesk\CoinDesk.Android\CoinDesk.Android.csproj", "{5977C34B-2A6C-48C9-9C4F-50C7AB7C2F94}"
EndProject
Project("{FAE04EC0-301F-11D3-BF4B-00C04F79EFBC}") = "CoinDesk.iOS", "CoinDesk\CoinDesk.iOS\CoinDesk.iOS.csproj", "{6BDC58AB-E21A-43B8-B632-6595E3BF0C68}"
EndProject
Project("{FAE04EC0-301F-11D3-BF4B-00C04F79EFBC}") = "CoinDesk", "CoinDesk\CoinDesk\CoinDesk.csproj", "{AA095DDF-8979-43F5-9F22-A22521200A5D}"
EndProject
Global
	GlobalSection(SolutionConfigurationPlatforms) = preSolution
		Debug|Any CPU = Debug|Any CPU
		Debug|iPhone = Debug|iPhone
		Debug|iPhoneSimulator = Debug|iPhoneSimulator
		Release|Any CPU = Release|Any CPU
		Release|iPhone = Release|iPhone
		Release|iPhoneSimulator = Release|iPhoneSimulator
	EndGlobalSection
	GlobalSection(ProjectConfigurationPlatforms) = postSolution
		{5977C34B-2A6C-48C9-9C4F-50C7AB7C2F94}.Debug|Any CPU.ActiveCfg = Debug|Any CPU
		{5977C34B-2A6C-48C9-9C4F-50C7AB7C2F94}.Debug|Any CPU.Build.0 = Debug|Any CPU
		{5977C34B-2A6C-48C9-9C4F-50C7AB7C2F94}.Debug|Any CPU.Deploy.0 = Debug|Any CPU
		{5977C34B-2A6C-48C9-9C4F-50C7AB7C2F94}.Debug|iPhone.ActiveCfg = Debug|Any CPU
		{5977C34B-2A6C-48C9-9C4F-50C7AB7C2F94}.Debug|iPhone.Build.0 = Debug|Any CPU
		{5977C34B-2A6C-48C9-9C4F-50C7AB7C2F94}.Debug|iPhone.Deploy.0 = Debug|Any CPU
		{5977C34B-2A6C-48C9-9C4F-50C7AB7C2F94}.Debug|iPhoneSimulator.ActiveCfg = Debug|Any CPU
		{5977C34B-2A6C-48C9-9C4F-50C7AB7C2F94}.Debug|iPhoneSimulator.Build.0 = Debug|Any CPU
		{5977C34B-2A6C-48C9-9C4F-50C7AB7C2F94}.Debug|iPhoneSimulator.Deploy.0 = Debug|Any CPU
		{5977C34B-2A6C-48C9-9C4F-50C7AB7C2F94}.Release|Any CPU.ActiveCfg = Release|Any CPU
		{5977C34B-2A6C-48C9-9C4F-50C7AB7C2F94}.Release|Any CPU.Build.0 = Release|Any CPU
		{5977C34B-2A6C-48C9-9C4F-50C7AB7C2F94}.Release|Any CPU.Deploy.0 = Release|Any CPU
		{5977C34B-2A6C-48C9-9C4F-50C7AB7C2F94}.Release|iPhone.ActiveCfg = Release|Any CPU
		{5977C34B-2A6C-48C9-9C4F-50C7AB7C2F94}.Release|iPhone.Build.0 = Release|Any CPU
		{5977C34B-2A6C-48C9-9C4F-50C7AB7C2F94}.Release|iPhone.Deploy.0 = Release|Any CPU
		{5977C34B-2A6C-48C9-9C4F-50C7AB7C2F94}.Release|iPhoneSimulator.ActiveCfg = Release|Any CPU
		{5977C34B-2A6C-48C9-9C4F-50C7AB7C2F94}.Release|iPhoneSimulator.Build.0 = Release|Any CPU
		{5977C34B-2A6C-48C9-9C4F-50C7AB7C2F94}.Release|iPhoneSimulator.Deploy.0 = Release|Any CPU
		{6BDC58AB-E21A-43B8-B632-6595E3BF0C68}.Debug|Any CPU.ActiveCfg = Debug|iPhone
		{6BDC58AB-E21A-43B8-B632-6595E3BF0C68}.Debug|Any CPU.Build.0 = Debug|iPhone
		{6BDC58AB-E21A-43B8-B632-6595E3BF0C68}.Debug|Any CPU.Deploy.0 = Debug|iPhone
		{6BDC58AB-E21A-43B8-B632-6595E3BF0C68}.Debug|iPhone.ActiveCfg = Debug|iPhone
		{6BDC58AB-E21A-43B8-B632-6595E3BF0C68}.Debug|iPhone.Build.0 = Debug|iPhone
		{6BDC58AB-E21A-43B8-B632-6595E3BF0C68}.Debug|iPhone.Deploy.0 = Debug|iPhone
		{6BDC58AB-E21A-43B8-B632-6595E3BF0C68}.Debug|iPhoneSimulator.ActiveCfg = Debug|iPhoneSimulator
		{6BDC58AB-E21A-43B8-B632-6595E3BF0C68}.Debug|iPhoneSimulator.Build.0 = Debug|iPhoneSimulator
		{6BDC58AB-E21A-43B8-B632-6595E3BF0C68}.Debug|iPhoneSimulator.Deploy.0 = Debug|iPhoneSimulator
		{6BDC58AB-E21A-43B8-B632-6595E3BF0C68}.Release|Any CPU.ActiveCfg = Release|iPhoneSimulator
		{6BDC58AB-E21A-43B8-B632-6595E3BF0C68}.Release|Any CPU.Build.0 = Release|iPhoneSimulator
		{6BDC58AB-E21A-43B8-B632-6595E3BF0C68}.Release|Any CPU.Deploy.0 = Release|iPhoneSimulator
		{6BDC58AB-E21A-43B8-B632-6595E3BF0C68}.Release|iPhone.ActiveCfg = Release|iPhone
		{6BDC58AB-E21A-43B8-B632-6595E3BF0C68}.Release|iPhone.Build.0 = Release|iPhone
		{6BDC58AB-E21A-43B8-B632-6595E3BF0C68}.Release|iPhone.Deploy.0 = Release|iPhone
		{6BDC58AB-E21A-43B8-B632-6595E3BF0C68}.Release|iPhoneSimulator.ActiveCfg = Release|iPhoneSimulator
		{6BDC58AB-E21A-43B8-B632-6595E3BF0C68}.Release|iPhoneSimulator.Build.0 = Release|iPhoneSimulator
		{6BDC58AB-E21A-43B8-B632-6595E3BF0C68}.Release|iPhoneSimulator.Deploy.0 = Release|iPhoneSimulator
		{AA095DDF-8979-43F5-9F22-A22521200A5D}.Debug|Any CPU.ActiveCfg = Debug|Any CPU
		{AA095DDF-8979-43F5-9F22-A22521200A5D}.Debug|Any CPU.Build.0 = Debug|Any CPU
		{AA095DDF-8979-43F5-9F22-A22521200A5D}.Debug|Any CPU.Deploy.0 = Debug|Any CPU
		{AA095DDF-8979-43F5-9F22-A22521200A5D}.Debug|iPhone.ActiveCfg = Debug|Any CPU
		{AA095DDF-8979-43F5-9F22-A22521200A5D}.Debug|iPhone.Build.0 = Debug|Any CPU
		{AA095DDF-8979-43F5-9F22-A22521200A5D}.Debug|iPhone.Deploy.0 = Debug|Any CPU
		{AA095DDF-8979-43F5-9F22-A22521200A5D}.Debug|iPhoneSimulator.ActiveCfg = Debug|Any CPU
		{AA095DDF-8979-43F5-9F22-A22521200A5D}.Debug|iPhoneSimulator.Build.0 = Debug|Any CPU
		{AA095DDF-8979-43F5-9F22-A22521200A5D}.Debug|iPhoneSimulator.Deploy.0 = Debug|Any CPU
		{AA095DDF-8979-43F5-9F22-A22521200A5D}.Release|Any CPU.ActiveCfg = Release|Any CPU
		{AA095DDF-8979-43F5-9F22-A22521200A5D}.Release|Any CPU.Build.0 = Release|Any CPU
		{AA095DDF-8979-43F5-9F22-A22521200A5D}.Release|Any CPU.Deploy.0 = Release|Any CPU
		{AA095DDF-8979-43F5-9F22-A22521200A5D}.Release|iPhone.ActiveCfg = Release|Any CPU
		{AA095DDF-8979-43F5-9F22-A22521200A5D}.Release|iPhone.Build.0 = Release|Any CPU
		{AA095DDF-8979-43F5-9F22-A22521200A5D}.Release|iPhone.Deploy.0 = Release|Any CPU
		{AA095DDF-8979-43F5-9F22-A22521200A5D}.Release|iPhoneSimulator.ActiveCfg = Release|Any CPU
		{AA095DDF-8979-43F5-9F22-A22521200A5D}.Release|iPhoneSimulator.Build.0 = Release|Any CPU
		{AA095DDF-8979-43F5-9F22-A22521200A5D}.Release|iPhoneSimulator.Deploy.0 = Release|Any CPU
	EndGlobalSection
	GlobalSection(SolutionProperties) = preSolution
		HideSolutionNode = FALSE
	EndGlobalSection
	GlobalSection(ExtensibilityGlobals) = postSolution
		SolutionGuid = {423D0D68-92DC-4285-9711-EBDBD960E41D}
	EndGlobalSection
EndGlobal
